
Microsoft Visual Studio Solution File, Format Version 12.00
# Visual Studio Version 16
VisualStudioVersion = 25.0.1706.14
MinimumVisualStudioVersion = 10.0.40219.1
Project("{FAE04EC0-301F-11D3-BF4B-00C04F79EFBC}") = "ConsoleApp2", "ConsoleApp2.csproj", "{CD1712F4-DDFF-4D16-A399-0E7E69BC165F}"
EndProject
Global
	GlobalSection(SolutionConfigurationPlatforms) = preSolution
		Debug|Any CPU = Debug|Any CPU
		Release|Any CPU = Release|Any CPU
	EndGlobalSection
	GlobalSection(ProjectConfigurationPlatforms) = postSolution
		{CD1712F4-DDFF-4D16-A399-0E7E69BC165F}.Debug|Any CPU.ActiveCfg = Debug|Any CPU
		{CD1712F4-DDFF-4D16-A399-0E7E69BC165F}.Debug|Any CPU.Build.0 = Debug|Any CPU
		{CD1712F4-DDFF-4D16-A399-0E7E69BC165F}.Release|Any CPU.ActiveCfg = Release|Any CPU
		{CD1712F4-DDFF-4D16-A399-0E7E69BC165F}.Release|Any CPU.Build.0 = Release|Any CPU
	EndGlobalSection
	GlobalSection(SolutionProperties) = preSolution
		HideSolutionNode = FALSE
	EndGlobalSection
	GlobalSection(ExtensibilityGlobals) = postSolution
		SolutionGuid = {CD3E0669-775A-49AC-AA1C-D350F660FE4E}
	EndGlobalSection
EndGlobal
